
Microsoft Visual Studio Solution File, Format Version 12.00
# Visual Studio Version 17
VisualStudioVersion = 17.1.32328.378
MinimumVisualStudioVersion = 10.0.40219.1
Project("{FAE04EC0-301F-11D3-BF4B-00C04F79EFBC}") = "SimuladorBD", "SimuladorBD.csproj", "{6FBAFE7D-C5D8-4A3E-ACAD-4277AD56B722}"
EndProject
Global
	GlobalSection(SolutionConfigurationPlatforms) = preSolution
		Debug|Any CPU = Debug|Any CPU
		Release|Any CPU = Release|Any CPU
	EndGlobalSection
	GlobalSection(ProjectConfigurationPlatforms) = postSolution
		{6FBAFE7D-C5D8-4A3E-ACAD-4277AD56B722}.Debug|Any CPU.ActiveCfg = Debug|Any CPU
		{6FBAFE7D-C5D8-4A3E-ACAD-4277AD56B722}.Debug|Any CPU.Build.0 = Debug|Any CPU
		{6FBAFE7D-C5D8-4A3E-ACAD-4277AD56B722}.Release|Any CPU.ActiveCfg = Release|Any CPU
		{6FBAFE7D-C5D8-4A3E-ACAD-4277AD56B722}.Release|Any CPU.Build.0 = Release|Any CPU
	EndGlobalSection
	GlobalSection(SolutionProperties) = preSolution
		HideSolutionNode = FALSE
	EndGlobalSection
	GlobalSection(ExtensibilityGlobals) = postSolution
		SolutionGuid = {0DCE5A9F-CD2A-4856-8A60-E313A0C931E0}
	EndGlobalSection
EndGlobal
